
Microsoft Visual Studio Solution File, Format Version 12.00
# Visual Studio Version 17
VisualStudioVersion = 17.3.32901.215
MinimumVisualStudioVersion = 10.0.40219.1
Project("{FAE04EC0-301F-11D3-BF4B-00C04F79EFBC}") = "EFGetStarted", "EFGetStarted\EFGetStarted.csproj", "{4DAD4762-5715-46EA-BC37-A281CC95F911}"
EndProject
Global
	GlobalSection(SolutionConfigurationPlatforms) = preSolution
		Debug|Any CPU = Debug|Any CPU
		Release|Any CPU = Release|Any CPU
	EndGlobalSection
	GlobalSection(ProjectConfigurationPlatforms) = postSolution
		{4DAD4762-5715-46EA-BC37-A281CC95F911}.Debug|Any CPU.ActiveCfg = Debug|Any CPU
		{4DAD4762-5715-46EA-BC37-A281CC95F911}.Debug|Any CPU.Build.0 = Debug|Any CPU
		{4DAD4762-5715-46EA-BC37-A281CC95F911}.Release|Any CPU.ActiveCfg = Release|Any CPU
		{4DAD4762-5715-46EA-BC37-A281CC95F911}.Release|Any CPU.Build.0 = Release|Any CPU
	EndGlobalSection
	GlobalSection(SolutionProperties) = preSolution
		HideSolutionNode = FALSE
	EndGlobalSection
	GlobalSection(ExtensibilityGlobals) = postSolution
		SolutionGuid = {08F15BAF-DA03-4F70-A70F-1D6A9018830F}
	EndGlobalSection
EndGlobal
